// !$*UTF8*$!
{
	archiveVersion = 1;
	classes = {
	};
	objectVersion = 77;
	objects = {

/* Begin PBXBuildFile section */
		0D3F9BF02EC89DF9006826AA /* FacebookLogin in Frameworks */ = {isa = PBXBuildFile; productRef = 0D3F9BEF2EC89DF9006826AA /* FacebookLogin */; };
		0D3F9BF22EC8AB3C006826AA /* FacebookCore in Frameworks */ = {isa = PBXBuildFile; productRef = 0D3F9BF12EC8AB3C006826AA /* FacebookCore */; };
		0D4E99732EC79DB9006F2705 /* GoogleSignIn in Frameworks */ = {isa = PBXBuildFile; productRef = 0D4E99722EC79DB9006F2705 /* GoogleSignIn */; };
		0D4E99752EC79DB9006F2705 /* GoogleSignInSwift in Frameworks */ = {isa = PBXBuildFile; productRef = 0D4E99742EC79DB9006F2705 /* GoogleSignInSwift */; };
		0D4E99782EC79E31006F2705 /* FirebaseAnalytics in Frameworks */ = {isa = PBXBuildFile; productRef = 0D4E99772EC79E31006F2705 /* FirebaseAnalytics */; };
		0D4E997A2EC79E31006F2705 /* FirebaseAuth in Frameworks */ = {isa = PBXBuildFile; productRef = 0D4E99792EC79E31006F2705 /* FirebaseAuth */; };
		0D4E997C2EC79E31006F2705 /* FirebaseCore in Frameworks */ = {isa = PBXBuildFile; productRef = 0D4E997B2EC79E31006F2705 /* FirebaseCore */; };
		0D4E997E2EC79E31006F2705 /* FirebaseDatabase in Frameworks */ = {isa = PBXBuildFile; productRef = 0D4E997D2EC79E31006F2705 /* FirebaseDatabase */; };
		0D4E99802EC79E31006F2705 /* FirebaseFirestore in Frameworks */ = {isa = PBXBuildFile; productRef = 0D4E997F2EC79E31006F2705 /* FirebaseFirestore */; };
		0D4E99822EC79E31006F2705 /* FirebaseFunctions in Frameworks */ = {isa = PBXBuildFile; productRef = 0D4E99812EC79E31006F2705 /* FirebaseFunctions */; };
		0D4E99842EC79E31006F2705 /* FirebaseMessaging in Frameworks */ = {isa = PBXBuildFile; productRef = 0D4E99832EC79E31006F2705 /* FirebaseMessaging */; };
		0D4E99862EC79E31006F2705 /* FirebaseStorage in Frameworks */ = {isa = PBXBuildFile; productRef = 0D4E99852EC79E31006F2705 /* FirebaseStorage */; };
		0D5AF8252EED35DF002239FD /* FirebaseAppCheck in Frameworks */ = {isa = PBXBuildFile; productRef = 0D5AF8242EED35DF002239FD /* FirebaseAppCheck */; };
		0D5B156E2F0BE12C00199B91 /* FirebaseFirestoreCombine-Community in Frameworks */ = {isa = PBXBuildFile; productRef = 0D5B156D2F0BE12C00199B91 /* FirebaseFirestoreCombine-Community */; };
		0D6C2F722EE2CB0E00124A4F /* StoreKit.framework in Frameworks */ = {isa = PBXBuildFile; fileRef = 0D6C2F712EE2CB0E00124A4F /* StoreKit.framework */; };
/* End PBXBuildFile section */

/* Begin PBXFileReference section */
		0D6C2F712EE2CB0E00124A4F /* StoreKit.framework */ = {isa = PBXFileReference; lastKnownFileType = wrapper.framework; name = StoreKit.framework; path = System/Library/Frameworks/StoreKit.framework; sourceTree = SDKROOT; };
		0DCA51322EC38C75008324B2 /* Easy Schedule.app */ = {isa = PBXFileReference; explicitFileType = wrapper.application; includeInIndex = 0; path = "Easy Schedule.app"; sourceTree = BUILT_PRODUCTS_DIR; };
/* End PBXFileReference section */

/* Begin PBXFileSystemSynchronizedRootGroup section */
		0D49EBAA2F0E879600433C0A /* GuideTour */ = {
			isa = PBXFileSystemSynchronizedRootGroup;
			path = GuideTour;
			sourceTree = "<group>";
		};
		0D4F4F312F07A57B0049D114 /* Setting */ = {
			isa = PBXFileSystemSynchronizedRootGroup;
			path = Setting;
			sourceTree = "<group>";
		};
		0D4F4F342F07A5900049D114 /* EventManager */ = {
			isa = PBXFileSystemSynchronizedRootGroup;
			path = EventManager;
			sourceTree = "<group>";
		};
		0D4F4F352F07A5A80049D114 /* Premium */ = {
			isa = PBXFileSystemSynchronizedRootGroup;
			path = Premium;
			sourceTree = "<group>";
		};
		0D4F4F362F07A5CB0049D114 /* Chat&Todo */ = {
			isa = PBXFileSystemSynchronizedRootGroup;
			path = "Chat&Todo";
			sourceTree = "<group>";
		};
		0D4F4F372F07A6230049D114 /* PartnerLogic */ = {
			isa = PBXFileSystemSynchronizedRootGroup;
			path = PartnerLogic;
			sourceTree = "<group>";
		};
		0D4F4F382F07A64C0049D114 /* Login */ = {
			isa = PBXFileSystemSynchronizedRootGroup;
			path = Login;
			sourceTree = "<group>";
		};
		0DCA51342EC38C75008324B2 /* Easy Schedule */ = {
			isa = PBXFileSystemSynchronizedRootGroup;
			path = "Easy Schedule";
			sourceTree = "<group>";
		};
/* End PBXFileSystemSynchronizedRootGroup section */

/* Begin PBXFrameworksBuildPhase section */
		0DCA512F2EC38C75008324B2 /* Frameworks */ = {
			isa = PBXFrameworksBuildPhase;
			buildActionMask = 2147483647;
			files = (
				0D4E99842EC79E31006F2705 /* FirebaseMessaging in Frameworks */,
				0D4E997E2EC79E31006F2705 /* FirebaseDatabase in Frameworks */,
				0D4E99732EC79DB9006F2705 /* GoogleSignIn in Frameworks */,
				0D5B156E2F0BE12C00199B91 /* FirebaseFirestoreCombine-Community in Frameworks */,
				0D4E99862EC79E31006F2705 /* FirebaseStorage in Frameworks */,
				0D5AF8252EED35DF002239FD /* FirebaseAppCheck in Frameworks */,
				0D4E997C2EC79E31006F2705 /* FirebaseCore in Frameworks */,
				0D3F9BF02EC89DF9006826AA /* FacebookLogin in Frameworks */,
				0D4E99822EC79E31006F2705 /* FirebaseFunctions in Frameworks */,
				0D3F9BF22EC8AB3C006826AA /* FacebookCore in Frameworks */,
				0D4E99752EC79DB9006F2705 /* GoogleSignInSwift in Frameworks */,
				0D4E99782EC79E31006F2705 /* FirebaseAnalytics in Frameworks */,
				0D4E997A2EC79E31006F2705 /* FirebaseAuth in Frameworks */,
				0D6C2F722EE2CB0E00124A4F /* StoreKit.framework in Frameworks */,
				0D4E99802EC79E31006F2705 /* FirebaseFirestore in Frameworks */,
			);
			runOnlyForDeploymentPostprocessing = 0;
		};
/* End PBXFrameworksBuildPhase section */

/* Begin PBXGroup section */
		0D6C2F702EE2CB0E00124A4F /* Frameworks */ = {
			isa = PBXGroup;
			children = (
				0D6C2F712EE2CB0E00124A4F /* StoreKit.framework */,
			);
			name = Frameworks;
			sourceTree = "<group>";
		};
		0DCA51292EC38C75008324B2 = {
			isa = PBXGroup;
			children = (
				0D49EBAA2F0E879600433C0A /* GuideTour */,
				0D4F4F382F07A64C0049D114 /* Login */,
				0D4F4F372F07A6230049D114 /* PartnerLogic */,
				0D4F4F362F07A5CB0049D114 /* Chat&Todo */,
				0D4F4F352F07A5A80049D114 /* Premium */,
				0D4F4F342F07A5900049D114 /* EventManager */,
				0D4F4F312F07A57B0049D114 /* Setting */,
				0DCA51342EC38C75008324B2 /* Easy Schedule */,
				0D6C2F702EE2CB0E00124A4F /* Frameworks */,
				0DCA51332EC38C75008324B2 /* Products */,
			);
			sourceTree = "<group>";
		};
		0DCA51332EC38C75008324B2 /* Products */ = {
			isa = PBXGroup;
			children = (
				0DCA51322EC38C75008324B2 /* Easy Schedule.app */,
			);
			name = Products;
			sourceTree = "<group>";
		};
/* End PBXGroup section */

/* Begin PBXNativeTarget section */
		0DCA51312EC38C75008324B2 /* Easy Schedule */ = {
			isa = PBXNativeTarget;
			buildConfigurationList = 0DCA513D2EC38C77008324B2 /* Build configuration list for PBXNativeTarget "Easy Schedule" */;
			buildPhases = (
				0DCA512E2EC38C75008324B2 /* Sources */,
				0DCA512F2EC38C75008324B2 /* Frameworks */,
				0DCA51302EC38C75008324B2 /* Resources */,
			);
			buildRules = (
			);
			dependencies = (
			);
			fileSystemSynchronizedGroups = (
				0D49EBAA2F0E879600433C0A /* GuideTour */,
				0D4F4F312F07A57B0049D114 /* Setting */,
				0D4F4F342F07A5900049D114 /* EventManager */,
				0D4F4F352F07A5A80049D114 /* Premium */,
				0D4F4F362F07A5CB0049D114 /* Chat&Todo */,
				0D4F4F372F07A6230049D114 /* PartnerLogic */,
				0D4F4F382F07A64C0049D114 /* Login */,
				0DCA51342EC38C75008324B2 /* Easy Schedule */,
			);
			name = "Easy Schedule";
			packageProductDependencies = (
				0D4E99722EC79DB9006F2705 /* GoogleSignIn */,
				0D4E99742EC79DB9006F2705 /* GoogleSignInSwift */,
				0D4E99772EC79E31006F2705 /* FirebaseAnalytics */,
				0D4E99792EC79E31006F2705 /* FirebaseAuth */,
				0D4E997B2EC79E31006F2705 /* FirebaseCore */,
				0D4E997D2EC79E31006F2705 /* FirebaseDatabase */,
				0D4E997F2EC79E31006F2705 /* FirebaseFirestore */,
				0D4E99812EC79E31006F2705 /* FirebaseFunctions */,
				0D4E99832EC79E31006F2705 /* FirebaseMessaging */,
				0D4E99852EC79E31006F2705 /* FirebaseStorage */,
				0D3F9BEF2EC89DF9006826AA /* FacebookLogin */,
				0D3F9BF12EC8AB3C006826AA /* FacebookCore */,
				0D5AF8242EED35DF002239FD /* FirebaseAppCheck */,
				0D5B156D2F0BE12C00199B91 /* FirebaseFirestoreCombine-Community */,
			);
			productName = "Easy Schedule";
			productReference = 0DCA51322EC38C75008324B2 /* Easy Schedule.app */;
			productType = "com.apple.product-type.application";
		};
/* End PBXNativeTarget section */

/* Begin PBXProject section */
		0DCA512A2EC38C75008324B2 /* Project object */ = {
			isa = PBXProject;
			attributes = {
				BuildIndependentTargetsInParallel = 1;
				LastSwiftUpdateCheck = 2610;
				LastUpgradeCheck = 2610;
				TargetAttributes = {
					0DCA51312EC38C75008324B2 = {
						CreatedOnToolsVersion = 26.1;
					};
				};
			};
			buildConfigurationList = 0DCA512D2EC38C75008324B2 /* Build configuration list for PBXProject "Easy Schedule" */;
			developmentRegion = en;
			hasScannedForEncodings = 0;
			knownRegions = (
				en,
				Base,
				vi,
				ja,
				ko,
			);
			mainGroup = 0DCA51292EC38C75008324B2;
			minimizedProjectReferenceProxies = 1;
			packageReferences = (
				0D4E99712EC79DB9006F2705 /* XCRemoteSwiftPackageReference "GoogleSignIn-iOS" */,
				0D4E99762EC79E31006F2705 /* XCRemoteSwiftPackageReference "firebase-ios-sdk" */,
				0D3F9BEE2EC89DF9006826AA /* XCRemoteSwiftPackageReference "facebook-ios-sdk" */,
			);
			preferredProjectObjectVersion = 77;
			productRefGroup = 0DCA51332EC38C75008324B2 /* Products */;
			projectDirPath = "";
			projectRoot = "";
			targets = (
				0DCA51312EC38C75008324B2 /* Easy Schedule */,
			);
		};
/* End PBXProject section */

/* Begin PBXResourcesBuildPhase section */
		0DCA51302EC38C75008324B2 /* Resources */ = {
			isa = PBXResourcesBuildPhase;
			buildActionMask = 2147483647;
			files = (
			);
			runOnlyForDeploymentPostprocessing = 0;
		};
/* End PBXResourcesBuildPhase section */

/* Begin PBXSourcesBuildPhase section */
		0DCA512E2EC38C75008324B2 /* Sources */ = {
			isa = PBXSourcesBuildPhase;
			buildActionMask = 2147483647;
			files = (
			);
			runOnlyForDeploymentPostprocessing = 0;
		};
/* End PBXSourcesBuildPhase section */

/* Begin XCBuildConfiguration section */
		0DCA513B2EC38C77008324B2 /* Debug */ = {
			isa = XCBuildConfiguration;
			buildSettings = {
				ALWAYS_SEARCH_USER_PATHS = NO;
				ASSETCATALOG_COMPILER_GENERATE_SWIFT_ASSET_SYMBOL_EXTENSIONS = YES;
				CLANG_ANALYZER_LOCALIZABILITY_NONLOCALIZED = YES;
				CLANG_ANALYZER_NONNULL = YES;
				CLANG_ANALYZER_NUMBER_OBJECT_CONVERSION = YES_AGGRESSIVE;
				CLANG_CXX_LANGUAGE_STANDARD = "gnu++20";
				CLANG_ENABLE_MODULES = YES;
				CLANG_ENABLE_OBJC_ARC = YES;
				CLANG_ENABLE_OBJC_WEAK = YES;
				CLANG_WARN_BLOCK_CAPTURE_AUTORELEASING = YES;
				CLANG_WARN_BOOL_CONVERSION = YES;
				CLANG_WARN_COMMA = YES;
				CLANG_WARN_CONSTANT_CONVERSION = YES;
				CLANG_WARN_DEPRECATED_OBJC_IMPLEMENTATIONS = YES;
				CLANG_WARN_DIRECT_OBJC_ISA_USAGE = YES_ERROR;
				CLANG_WARN_DOCUMENTATION_COMMENTS = YES;
				CLANG_WARN_EMPTY_BODY = YES;
				CLANG_WARN_ENUM_CONVERSION = YES;
				CLANG_WARN_INFINITE_RECURSION = YES;
				CLANG_WARN_INT_CONVERSION = YES;
				CLANG_WARN_NON_LITERAL_NULL_CONVERSION = YES;
				CLANG_WARN_OBJC_IMPLICIT_RETAIN_SELF = YES;
				CLANG_WARN_OBJC_LITERAL_CONVERSION = YES;
				CLANG_WARN_OBJC_ROOT_CLASS = YES_ERROR;
				CLANG_WARN_QUOTED_INCLUDE_IN_FRAMEWORK_HEADER = YES;
				CLANG_WARN_RANGE_LOOP_ANALYSIS = YES;
				CLANG_WARN_STRICT_PROTOTYPES = YES;
				CLANG_WARN_SUSPICIOUS_MOVE = YES;
				CLANG_WARN_UNGUARDED_AVAILABILITY = YES_AGGRESSIVE;
				CLANG_WARN_UNREACHABLE_CODE = YES;
				CLANG_WARN__DUPLICATE_METHOD_MATCH = YES;
				COPY_PHASE_STRIP = NO;
				DEBUG_INFORMATION_FORMAT = dwarf;
				DEVELOPMENT_TEAM = 553U32259K;
				ENABLE_STRICT_OBJC_MSGSEND = YES;
				ENABLE_TESTABILITY = YES;
				ENABLE_USER_SCRIPT_SANDBOXING = YES;
				GCC_C_LANGUAGE_STANDARD = gnu17;
				GCC_DYNAMIC_NO_PIC = NO;
				GCC_NO_COMMON_BLOCKS = YES;
				GCC_OPTIMIZATION_LEVEL = 0;
				GCC_PREPROCESSOR_DEFINITIONS = (
					"DEBUG=1",
					"$(inherited)",
				);
				GCC_WARN_64_TO_32_BIT_CONVERSION = YES;
				GCC_WARN_ABOUT_RETURN_TYPE = YES_ERROR;
				GCC_WARN_UNDECLARED_SELECTOR = YES;
				GCC_WARN_UNINITIALIZED_AUTOS = YES_AGGRESSIVE;
				GCC_WARN_UNUSED_FUNCTION = YES;
				GCC_WARN_UNUSED_VARIABLE = YES;
				INFOPLIST_KEY_NSLocationWhenInUseUsageDescription = "This app uses your location so you can share your position in chat and help others find the meeting place.\n";
				IPHONEOS_DEPLOYMENT_TARGET = 26.1;
				LOCALIZATION_PREFERS_STRING_CATALOGS = YES;
				MTL_ENABLE_DEBUG_INFO = INCLUDE_SOURCE;
				MTL_FAST_MATH = YES;
				ONLY_ACTIVE_ARCH = YES;
				SDKROOT = iphoneos;
				STRING_CATALOG_GENERATE_SYMBOLS = YES;
				SWIFT_ACTIVE_COMPILATION_CONDITIONS = "DEBUG $(inherited)";
				SWIFT_EMIT_LOC_STRINGS = YES;
				SWIFT_OPTIMIZATION_LEVEL = "-Onone";
			};
			name = Debug;
		};
		0DCA513C2EC38C77008324B2 /* Release */ = {
			isa = XCBuildConfiguration;
			buildSettings = {
				ALWAYS_SEARCH_USER_PATHS = NO;
				ASSETCATALOG_COMPILER_GENERATE_SWIFT_ASSET_SYMBOL_EXTENSIONS = YES;
				CLANG_ANALYZER_LOCALIZABILITY_NONLOCALIZED = YES;
				CLANG_ANALYZER_NONNULL = YES;
				CLANG_ANALYZER_NUMBER_OBJECT_CONVERSION = YES_AGGRESSIVE;
				CLANG_CXX_LANGUAGE_STANDARD = "gnu++20";
				CLANG_ENABLE_MODULES = YES;
				CLANG_ENABLE_OBJC_ARC = YES;
				CLANG_ENABLE_OBJC_WEAK = YES;
				CLANG_WARN_BLOCK_CAPTURE_AUTORELEASING = YES;
				CLANG_WARN_BOOL_CONVERSION = YES;
				CLANG_WARN_COMMA = YES;
				CLANG_WARN_CONSTANT_CONVERSION = YES;
				CLANG_WARN_DEPRECATED_OBJC_IMPLEMENTATIONS = YES;
				CLANG_WARN_DIRECT_OBJC_ISA_USAGE = YES_ERROR;
				CLANG_WARN_DOCUMENTATION_COMMENTS = YES;
				CLANG_WARN_EMPTY_BODY = YES;
				CLANG_WARN_ENUM_CONVERSION = YES;
				CLANG_WARN_INFINITE_RECURSION = YES;
				CLANG_WARN_INT_CONVERSION = YES;
				CLANG_WARN_NON_LITERAL_NULL_CONVERSION = YES;
				CLANG_WARN_OBJC_IMPLICIT_RETAIN_SELF = YES;
				CLANG_WARN_OBJC_LITERAL_CONVERSION = YES;
				CLANG_WARN_OBJC_ROOT_CLASS = YES_ERROR;
				CLANG_WARN_QUOTED_INCLUDE_IN_FRAMEWORK_HEADER = YES;
				CLANG_WARN_RANGE_LOOP_ANALYSIS = YES;
				CLANG_WARN_STRICT_PROTOTYPES = YES;
				CLANG_WARN_SUSPICIOUS_MOVE = YES;
				CLANG_WARN_UNGUARDED_AVAILABILITY = YES_AGGRESSIVE;
				CLANG_WARN_UNREACHABLE_CODE = YES;
				CLANG_WARN__DUPLICATE_METHOD_MATCH = YES;
				COPY_PHASE_STRIP = NO;
				DEBUG_INFORMATION_FORMAT = "dwarf-with-dsym";
				DEVELOPMENT_TEAM = 553U32259K;
				ENABLE_NS_ASSERTIONS = NO;
				ENABLE_STRICT_OBJC_MSGSEND = YES;
				ENABLE_USER_SCRIPT_SANDBOXING = YES;
				GCC_C_LANGUAGE_STANDARD = gnu17;
				GCC_NO_COMMON_BLOCKS = YES;
				GCC_WARN_64_TO_32_BIT_CONVERSION = YES;
				GCC_WARN_ABOUT_RETURN_TYPE = YES_ERROR;
				GCC_WARN_UNDECLARED_SELECTOR = YES;
				GCC_WARN_UNINITIALIZED_AUTOS = YES_AGGRESSIVE;
				GCC_WARN_UNUSED_FUNCTION = YES;
				GCC_WARN_UNUSED_VARIABLE = YES;
				INFOPLIST_KEY_NSLocationWhenInUseUsageDescription = "This app uses your location so you can share your position in chat and help others find the meeting place.\n";
				IPHONEOS_DEPLOYMENT_TARGET = 26.1;
				LOCALIZATION_PREFERS_STRING_CATALOGS = YES;
				MTL_ENABLE_DEBUG_INFO = NO;
				MTL_FAST_MATH = YES;
				SDKROOT = iphoneos;
				STRING_CATALOG_GENERATE_SYMBOLS = YES;
				SWIFT_COMPILATION_MODE = wholemodule;
				SWIFT_EMIT_LOC_STRINGS = YES;
				VALIDATE_PRODUCT = YES;
			};
			name = Release;
		};
		0DCA513E2EC38C77008324B2 /* Debug */ = {
			isa = XCBuildConfiguration;
			buildSettings = {
				ASSETCATALOG_COMPILER_APPICON_NAME = AppIcon;
				ASSETCATALOG_COMPILER_GLOBAL_ACCENT_COLOR_NAME = AccentColor;
				ASSETCATALOG_COMPILER_INCLUDE_ALL_APPICON_ASSETS = YES;
				CODE_SIGN_ENTITLEMENTS = "Easy Schedule/Easy Schedule.entitlements";
				CODE_SIGN_STYLE = Automatic;
				CURRENT_PROJECT_VERSION = 1;
				DEVELOPMENT_TEAM = 553U32259K;
				ENABLE_PREVIEWS = YES;
				GENERATE_INFOPLIST_FILE = YES;
				INFOPLIST_FILE = "Easy-Schedule-Info.plist";
				INFOPLIST_KEY_NSFaceIDUsageDescription = "Face ID is used to protect your account and secure your data.\n";
				INFOPLIST_KEY_NSLocationWhenInUseUsageDescription = "This app uses your location so you can share your position in chat and help others find the meeting place.\n";
				INFOPLIST_KEY_UIApplicationSceneManifest_Generation = YES;
				INFOPLIST_KEY_UIApplicationSupportsIndirectInputEvents = YES;
				INFOPLIST_KEY_UILaunchScreen_Generation = YES;
				INFOPLIST_KEY_UISupportedInterfaceOrientations_iPad = "UIInterfaceOrientationPortrait UIInterfaceOrientationPortraitUpsideDown UIInterfaceOrientationLandscapeLeft UIInterfaceOrientationLandscapeRight";
				INFOPLIST_KEY_UISupportedInterfaceOrientations_iPhone = "UIInterfaceOrientationPortrait UIInterfaceOrientationLandscapeLeft UIInterfaceOrientationLandscapeRight";
				IPHONEOS_DEPLOYMENT_TARGET = 17.6;
				LD_RUNPATH_SEARCH_PATHS = (
					"$(inherited)",
					"@executable_path/Frameworks",
				);
				MARKETING_VERSION = 1.2;
				PRODUCT_BUNDLE_IDENTIFIER = com.SamCorp.EasySchedule;
				PRODUCT_NAME = "$(TARGET_NAME)";
				STRING_CATALOG_GENERATE_SYMBOLS = YES;
				SWIFT_APPROACHABLE_CONCURRENCY = YES;
				SWIFT_DEFAULT_ACTOR_ISOLATION = MainActor;
				SWIFT_EMIT_LOC_STRINGS = YES;
				SWIFT_UPCOMING_FEATURE_MEMBER_IMPORT_VISIBILITY = YES;
				SWIFT_VERSION = 5.0;
				TARGETED_DEVICE_FAMILY = "1,2";
			};
			name = Debug;
		};
		0DCA513F2EC38C77008324B2 /* Release */ = {
			isa = XCBuildConfiguration;
			buildSettings = {
				ASSETCATALOG_COMPILER_APPICON_NAME = AppIcon;
				ASSETCATALOG_COMPILER_GLOBAL_ACCENT_COLOR_NAME = AccentColor;
				ASSETCATALOG_COMPILER_INCLUDE_ALL_APPICON_ASSETS = YES;
				CODE_SIGN_ENTITLEMENTS = "Easy Schedule/Easy Schedule.entitlements";
				CODE_SIGN_STYLE = Automatic;
				CURRENT_PROJECT_VERSION = 1;
				DEVELOPMENT_TEAM = 553U32259K;
				ENABLE_PREVIEWS = YES;
				GENERATE_INFOPLIST_FILE = YES;
				INFOPLIST_FILE = "Easy-Schedule-Info.plist";
				INFOPLIST_KEY_NSFaceIDUsageDescription = "Face ID is used to protect your account and secure your data.\n";
				INFOPLIST_KEY_NSLocationWhenInUseUsageDescription = "This app uses your location so you can share your position in chat and help others find the meeting place.\n";
				INFOPLIST_KEY_UIApplicationSceneManifest_Generation = YES;
				INFOPLIST_KEY_UIApplicationSupportsIndirectInputEvents = YES;
				INFOPLIST_KEY_UILaunchScreen_Generation = YES;
				INFOPLIST_KEY_UISupportedInterfaceOrientations_iPad = "UIInterfaceOrientationPortrait UIInterfaceOrientationPortraitUpsideDown UIInterfaceOrientationLandscapeLeft UIInterfaceOrientationLandscapeRight";
				INFOPLIST_KEY_UISupportedInterfaceOrientations_iPhone = "UIInterfaceOrientationPortrait UIInterfaceOrientationLandscapeLeft UIInterfaceOrientationLandscapeRight";
				IPHONEOS_DEPLOYMENT_TARGET = 17.6;
				LD_RUNPATH_SEARCH_PATHS = (
					"$(inherited)",
					"@executable_path/Frameworks",
				);
				MARKETING_VERSION = 1.2;
				PRODUCT_BUNDLE_IDENTIFIER = com.SamCorp.EasySchedule;
				PRODUCT_NAME = "$(TARGET_NAME)";
				STRING_CATALOG_GENERATE_SYMBOLS = YES;
				SWIFT_APPROACHABLE_CONCURRENCY = YES;
				SWIFT_DEFAULT_ACTOR_ISOLATION = MainActor;
				SWIFT_EMIT_LOC_STRINGS = YES;
				SWIFT_UPCOMING_FEATURE_MEMBER_IMPORT_VISIBILITY = YES;
				SWIFT_VERSION = 5.0;
				TARGETED_DEVICE_FAMILY = "1,2";
			};
			name = Release;
		};
/* End XCBuildConfiguration section */

/* Begin XCConfigurationList section */
		0DCA512D2EC38C75008324B2 /* Build configuration list for PBXProject "Easy Schedule" */ = {
			isa = XCConfigurationList;
			buildConfigurations = (
				0DCA513B2EC38C77008324B2 /* Debug */,
				0DCA513C2EC38C77008324B2 /* Release */,
			);
			defaultConfigurationIsVisible = 0;
			defaultConfigurationName = Release;
		};
		0DCA513D2EC38C77008324B2 /* Build configuration list for PBXNativeTarget "Easy Schedule" */ = {
			isa = XCConfigurationList;
			buildConfigurations = (
				0DCA513E2EC38C77008324B2 /* Debug */,
				0DCA513F2EC38C77008324B2 /* Release */,
			);
			defaultConfigurationIsVisible = 0;
			defaultConfigurationName = Release;
		};
/* End XCConfigurationList section */

/* Begin XCRemoteSwiftPackageReference section */
		0D3F9BEE2EC89DF9006826AA /* XCRemoteSwiftPackageReference "facebook-ios-sdk" */ = {
			isa = XCRemoteSwiftPackageReference;
			repositoryURL = "https://github.com/facebook/facebook-ios-sdk";
			requirement = {
				kind = upToNextMajorVersion;
				minimumVersion = 14.1.0;
			};
		};
		0D4E99712EC79DB9006F2705 /* XCRemoteSwiftPackageReference "GoogleSignIn-iOS" */ = {
			isa = XCRemoteSwiftPackageReference;
			repositoryURL = "https://github.com/google/GoogleSignIn-iOS";
			requirement = {
				kind = upToNextMajorVersion;
				minimumVersion = 9.0.0;
			};
		};
		0D4E99762EC79E31006F2705 /* XCRemoteSwiftPackageReference "firebase-ios-sdk" */ = {
			isa = XCRemoteSwiftPackageReference;
			repositoryURL = "https://github.com/firebase/firebase-ios-sdk";
			requirement = {
				kind = upToNextMajorVersion;
				minimumVersion = 12.6.0;
			};
		};
/* End XCRemoteSwiftPackageReference section */

/* Begin XCSwiftPackageProductDependency section */
		0D3F9BEF2EC89DF9006826AA /* FacebookLogin */ = {
			isa = XCSwiftPackageProductDependency;
			package = 0D3F9BEE2EC89DF9006826AA /* XCRemoteSwiftPackageReference "facebook-ios-sdk" */;
			productName = FacebookLogin;
		};
		0D3F9BF12EC8AB3C006826AA /* FacebookCore */ = {
			isa = XCSwiftPackageProductDependency;
			package = 0D3F9BEE2EC89DF9006826AA /* XCRemoteSwiftPackageReference "facebook-ios-sdk" */;
			productName = FacebookCore;
		};
		0D4E99722EC79DB9006F2705 /* GoogleSignIn */ = {
			isa = XCSwiftPackageProductDependency;
			package = 0D4E99712EC79DB9006F2705 /* XCRemoteSwiftPackageReference "GoogleSignIn-iOS" */;
			productName = GoogleSignIn;
		};
		0D4E99742EC79DB9006F2705 /* GoogleSignInSwift */ = {
			isa = XCSwiftPackageProductDependency;
			package = 0D4E99712EC79DB9006F2705 /* XCRemoteSwiftPackageReference "GoogleSignIn-iOS" */;
			productName = GoogleSignInSwift;
		};
		0D4E99772EC79E31006F2705 /* FirebaseAnalytics */ = {
			isa = XCSwiftPackageProductDependency;
			package = 0D4E99762EC79E31006F2705 /* XCRemoteSwiftPackageReference "firebase-ios-sdk" */;
			productName = FirebaseAnalytics;
		};
		0D4E99792EC79E31006F2705 /* FirebaseAuth */ = {
			isa = XCSwiftPackageProductDependency;
			package = 0D4E99762EC79E31006F2705 /* XCRemoteSwiftPackageReference "firebase-ios-sdk" */;
			productName = FirebaseAuth;
		};
		0D4E997B2EC79E31006F2705 /* FirebaseCore */ = {
			isa = XCSwiftPackageProductDependency;
			package = 0D4E99762EC79E31006F2705 /* XCRemoteSwiftPackageReference "firebase-ios-sdk" */;
			productName = FirebaseCore;
		};
		0D4E997D2EC79E31006F2705 /* FirebaseDatabase */ = {
			isa = XCSwiftPackageProductDependency;
			package = 0D4E99762EC79E31006F2705 /* XCRemoteSwiftPackageReference "firebase-ios-sdk" */;
			productName = FirebaseDatabase;
		};
		0D4E997F2EC79E31006F2705 /* FirebaseFirestore */ = {
			isa = XCSwiftPackageProductDependency;
			package = 0D4E99762EC79E31006F2705 /* XCRemoteSwiftPackageReference "firebase-ios-sdk" */;
			productName = FirebaseFirestore;
		};
		0D4E99812EC79E31006F2705 /* FirebaseFunctions */ = {
			isa = XCSwiftPackageProductDependency;
			package = 0D4E99762EC79E31006F2705 /* XCRemoteSwiftPackageReference "firebase-ios-sdk" */;
			productName = FirebaseFunctions;
		};
		0D4E99832EC79E31006F2705 /* FirebaseMessaging */ = {
			isa = XCSwiftPackageProductDependency;
			package = 0D4E99762EC79E31006F2705 /* XCRemoteSwiftPackageReference "firebase-ios-sdk" */;
			productName = FirebaseMessaging;
		};
		0D4E99852EC79E31006F2705 /* FirebaseStorage */ = {
			isa = XCSwiftPackageProductDependency;
			package = 0D4E99762EC79E31006F2705 /* XCRemoteSwiftPackageReference "firebase-ios-sdk" */;
			productName = FirebaseStorage;
		};
		0D5AF8242EED35DF002239FD /* FirebaseAppCheck */ = {
			isa = XCSwiftPackageProductDependency;
			package = 0D4E99762EC79E31006F2705 /* XCRemoteSwiftPackageReference "firebase-ios-sdk" */;
			productName = FirebaseAppCheck;
		};
		0D5B156D2F0BE12C00199B91 /* FirebaseFirestoreCombine-Community */ = {
			isa = XCSwiftPackageProductDependency;
			package = 0D4E99762EC79E31006F2705 /* XCRemoteSwiftPackageReference "firebase-ios-sdk" */;
			productName = "FirebaseFirestoreCombine-Community";
		};
/* End XCSwiftPackageProductDependency section */
	};
	rootObject = 0DCA512A2EC38C75008324B2 /* Project object */;
}
